
Microsoft Visual Studio Solution File, Format Version 12.00
# Visual Studio Version 17
VisualStudioVersion = 17.14.36603.0 d17.14
MinimumVisualStudioVersion = 10.0.40219.1
Project("{FAE04EC0-301F-11D3-BF4B-00C04F79EFBC}") = "WindowsAppUsage", "WindowsAppUsage\WindowsAppUsage.csproj", "{8B8D1230-149E-4E30-A2D0-19D4A1982E1B}"
EndProject
Global
	GlobalSection(SolutionConfigurationPlatforms) = preSolution
		Debug|Any CPU = Debug|Any CPU
		Release|Any CPU = Release|Any CPU
	EndGlobalSection
	GlobalSection(ProjectConfigurationPlatforms) = postSolution
		{8B8D1230-149E-4E30-A2D0-19D4A1982E1B}.Debug|Any CPU.ActiveCfg = Debug|Any CPU
		{8B8D1230-149E-4E30-A2D0-19D4A1982E1B}.Debug|Any CPU.Build.0 = Debug|Any CPU
		{8B8D1230-149E-4E30-A2D0-19D4A1982E1B}.Debug|Any CPU.Deploy.0 = Debug|Any CPU
		{8B8D1230-149E-4E30-A2D0-19D4A1982E1B}.Release|Any CPU.ActiveCfg = Release|Any CPU
		{8B8D1230-149E-4E30-A2D0-19D4A1982E1B}.Release|Any CPU.Build.0 = Release|Any CPU
		{8B8D1230-149E-4E30-A2D0-19D4A1982E1B}.Release|Any CPU.Deploy.0 = Release|Any CPU
	EndGlobalSection
	GlobalSection(SolutionProperties) = preSolution
		HideSolutionNode = FALSE
	EndGlobalSection
	GlobalSection(ExtensibilityGlobals) = postSolution
		SolutionGuid = {AF2C596C-D335-4125-8D86-13E3266F51B0}
	EndGlobalSection
EndGlobal
